// !$*UTF8*$!
{
	archiveVersion = 1;
	classes = {
	};
	objectVersion = 46;
	objects = {

/* Begin PBXBuildFile section */
		3F15B157181940FA008EF1F3 /* Foundation.framework in Frameworks */ = {isa = PBXBuildFile; fileRef = 3F15B156181940FA008EF1F3 /* Foundation.framework */; };
		3F15B159181940FA008EF1F3 /* CoreGraphics.framework in Frameworks */ = {isa = PBXBuildFile; fileRef = 3F15B158181940FA008EF1F3 /* CoreGraphics.framework */; };
		3F15B15B181940FA008EF1F3 /* UIKit.framework in Frameworks */ = {isa = PBXBuildFile; fileRef = 3F15B15A181940FA008EF1F3 /* UIKit.framework */; };
		3F15B161181940FA008EF1F3 /* InfoPlist.strings in Resources */ = {isa = PBXBuildFile; fileRef = 3F15B15F181940FA008EF1F3 /* InfoPlist.strings */; };
		3F15B163181940FA008EF1F3 /* main.m in Sources */ = {isa = PBXBuildFile; fileRef = 3F15B162181940FA008EF1F3 /* main.m */; };
		3F15B167181940FA008EF1F3 /* AppDelegate.m in Sources */ = {isa = PBXBuildFile; fileRef = 3F15B166181940FA008EF1F3 /* AppDelegate.m */; };
		3F15B169181940FA008EF1F3 /* Images.xcassets in Resources */ = {isa = PBXBuildFile; fileRef = 3F15B168181940FA008EF1F3 /* Images.xcassets */; };
		3F15B170181940FA008EF1F3 /* XCTest.framework in Frameworks */ = {isa = PBXBuildFile; fileRef = 3F15B16F181940FA008EF1F3 /* XCTest.framework */; };
		3F15B171181940FA008EF1F3 /* Foundation.framework in Frameworks */ = {isa = PBXBuildFile; fileRef = 3F15B156181940FA008EF1F3 /* Foundation.framework */; };
		3F15B172181940FA008EF1F3 /* UIKit.framework in Frameworks */ = {isa = PBXBuildFile; fileRef = 3F15B15A181940FA008EF1F3 /* UIKit.framework */; };
		3F15B17A181940FA008EF1F3 /* InfoPlist.strings in Resources */ = {isa = PBXBuildFile; fileRef = 3F15B178181940FA008EF1F3 /* InfoPlist.strings */; };
		3F15B17C181940FA008EF1F3 /* lesson1Tests.m in Sources */ = {isa = PBXBuildFile; fileRef = 3F15B17B181940FA008EF1F3 /* lesson1Tests.m */; };
/* End PBXBuildFile section */

/* Begin PBXContainerItemProxy section */
		3F15B173181940FA008EF1F3 /* PBXContainerItemProxy */ = {
			isa = PBXContainerItemProxy;
			containerPortal = 3F15B14B181940FA008EF1F3 /* Project object */;
			proxyType = 1;
			remoteGlobalIDString = 3F15B152181940FA008EF1F3;
			remoteInfo = lesson1;
		};
/* End PBXContainerItemProxy section */

/* Begin PBXFileReference section */
		3F15B153181940FA008EF1F3 /* lesson1.app */ = {isa = PBXFileReference; explicitFileType = wrapper.application; includeInIndex = 0; path = lesson1.app; sourceTree = BUILT_PRODUCTS_DIR; };
		3F15B156181940FA008EF1F3 /* Foundation.framework */ = {isa = PBXFileReference; lastKnownFileType = wrapper.framework; name = Foundation.framework; path = System/Library/Frameworks/Foundation.framework; sourceTree = SDKROOT; };
		3F15B158181940FA008EF1F3 /* CoreGraphics.framework */ = {isa = PBXFileReference; lastKnownFileType = wrapper.framework; name = CoreGraphics.framework; path = System/Library/Frameworks/CoreGraphics.framework; sourceTree = SDKROOT; };
		3F15B15A181940FA008EF1F3 /* UIKit.framework */ = {isa = PBXFileReference; lastKnownFileType = wrapper.framework; name = UIKit.framework; path = System/Library/Frameworks/UIKit.framework; sourceTree = SDKROOT; };
		3F15B15E181940FA008EF1F3 /* lesson1-Info.plist */ = {isa = PBXFileReference; lastKnownFileType = text.plist.xml; path = "lesson1-Info.plist"; sourceTree = "<group>"; };
		3F15B160181940FA008EF1F3 /* en */ = {isa = PBXFileReference; lastKnownFileType = text.plist.strings; name = en; path = en.lproj/InfoPlist.strings; sourceTree = "<group>"; };
		3F15B162181940FA008EF1F3 /* main.m */ = {isa = PBXFileReference; lastKnownFileType = sourcecode.c.objc; path = main.m; sourceTree = "<group>"; };
		3F15B164181940FA008EF1F3 /* lesson1-Prefix.pch */ = {isa = PBXFileReference; lastKnownFileType = sourcecode.c.h; path = "lesson1-Prefix.pch"; sourceTree = "<group>"; };
		3F15B165181940FA008EF1F3 /* AppDelegate.h */ = {isa = PBXFileReference; lastKnownFileType = sourcecode.c.h; path = AppDelegate.h; sourceTree = "<group>"; };
		3F15B166181940FA008EF1F3 /* AppDelegate.m */ = {isa = PBXFileReference; lastKnownFileType = sourcecode.c.objc; path = AppDelegate.m; sourceTree = "<group>"; };
		3F15B168181940FA008EF1F3 /* Images.xcassets */ = {isa = PBXFileReference; lastKnownFileType = folder.assetcatalog; path = Images.xcassets; sourceTree = "<group>"; };
		3F15B16E181940FA008EF1F3 /* lesson1Tests.xctest */ = {isa = PBXFileReference; explicitFileType = wrapper.cfbundle; includeInIndex = 0; path = lesson1Tests.xctest; sourceTree = BUILT_PRODUCTS_DIR; };
		3F15B16F181940FA008EF1F3 /* XCTest.framework */ = {isa = PBXFileReference; lastKnownFileType = wrapper.framework; name = XCTest.framework; path = Library/Frameworks/XCTest.framework; sourceTree = DEVELOPER_DIR; };
		3F15B177181940FA008EF1F3 /* lesson1Tests-Info.plist */ = {isa = PBXFileReference; lastKnownFileType = text.plist.xml; path = "lesson1Tests-Info.plist"; sourceTree = "<group>"; };
		3F15B179181940FA008EF1F3 /* en */ = {isa = PBXFileReference; lastKnownFileType = text.plist.strings; name = en; path = en.lproj/InfoPlist.strings; sourceTree = "<group>"; };
		3F15B17B181940FA008EF1F3 /* lesson1Tests.m */ = {isa = PBXFileReference; lastKnownFileType = sourcecode.c.objc; path = lesson1Tests.m; sourceTree = "<group>"; };
/* End PBXFileReference section */

/* Begin PBXFrameworksBuildPhase section */
		3F15B150181940FA008EF1F3 /* Frameworks */ = {
			isa = PBXFrameworksBuildPhase;
			buildActionMask = 2147483647;
			files = (
				3F15B159181940FA008EF1F3 /* CoreGraphics.framework in Frameworks */,
				3F15B15B181940FA008EF1F3 /* UIKit.framework in Frameworks */,
				3F15B157181940FA008EF1F3 /* Foundation.framework in Frameworks */,
			);
			runOnlyForDeploymentPostprocessing = 0;
		};
		3F15B16B181940FA008EF1F3 /* Frameworks */ = {
			isa = PBXFrameworksBuildPhase;
			buildActionMask = 2147483647;
			files = (
				3F15B170181940FA008EF1F3 /* XCTest.framework in Frameworks */,
				3F15B172181940FA008EF1F3 /* UIKit.framework in Frameworks */,
				3F15B171181940FA008EF1F3 /* Foundation.framework in Frameworks */,
			);
			runOnlyForDeploymentPostprocessing = 0;
		};
/* End PBXFrameworksBuildPhase section */

/* Begin PBXGroup section */
		3F15B14A181940FA008EF1F3 = {
			isa = PBXGroup;
			children = (
				3F15B15C181940FA008EF1F3 /* lesson1 */,
				3F15B175181940FA008EF1F3 /* lesson1Tests */,
				3F15B155181940FA008EF1F3 /* Frameworks */,
				3F15B154181940FA008EF1F3 /* Products */,
			);
			sourceTree = "<group>";
		};
		3F15B154181940FA008EF1F3 /* Products */ = {
			isa = PBXGroup;
			children = (
				3F15B153181940FA008EF1F3 /* lesson1.app */,
				3F15B16E181940FA008EF1F3 /* lesson1Tests.xctest */,
			);
			name = Products;
			sourceTree = "<group>";
		};
		3F15B155181940FA008EF1F3 /* Frameworks */ = {
			isa = PBXGroup;
			children = (
				3F15B156181940FA008EF1F3 /* Foundation.framework */,
				3F15B158181940FA008EF1F3 /* CoreGraphics.framework */,
				3F15B15A181940FA008EF1F3 /* UIKit.framework */,
				3F15B16F181940FA008EF1F3 /* XCTest.framework */,
			);
			name = Frameworks;
			sourceTree = "<group>";
		};
		3F15B15C181940FA008EF1F3 /* lesson1 */ = {
			isa = PBXGroup;
			children = (
				3F15B165181940FA008EF1F3 /* AppDelegate.h */,
				3F15B166181940FA008EF1F3 /* AppDelegate.m */,
				3F15B168181940FA008EF1F3 /* Images.xcassets */,
				3F15B15D181940FA008EF1F3 /* Supporting Files */,
			);
			path = lesson1;
			sourceTree = "<group>";
		};
		3F15B15D181940FA008EF1F3 /* Supporting Files */ = {
			isa = PBXGroup;
			children = (
				3F15B15E181940FA008EF1F3 /* lesson1-Info.plist */,
				3F15B15F181940FA008EF1F3 /* InfoPlist.strings */,
				3F15B162181940FA008EF1F3 /* main.m */,
				3F15B164181940FA008EF1F3 /* lesson1-Prefix.pch */,
			);
			name = "Supporting Files";
			sourceTree = "<group>";
		};
		3F15B175181940FA008EF1F3 /* lesson1Tests */ = {
			isa = PBXGroup;
			children = (
				3F15B17B181940FA008EF1F3 /* lesson1Tests.m */,
				3F15B176181940FA008EF1F3 /* Supporting Files */,
			);
			path = lesson1Tests;
			sourceTree = "<group>";
		};
		3F15B176181940FA008EF1F3 /* Supporting Files */ = {
			isa = PBXGroup;
			children = (
				3F15B177181940FA008EF1F3 /* lesson1Tests-Info.plist */,
				3F15B178181940FA008EF1F3 /* InfoPlist.strings */,
			);
			name = "Supporting Files";
			sourceTree = "<group>";
		};
/* End PBXGroup section */

/* Begin PBXNativeTarget section */
		3F15B152181940FA008EF1F3 /* lesson1 */ = {
			isa = PBXNativeTarget;
			buildConfigurationList = 3F15B17F181940FA008EF1F3 /* Build configuration list for PBXNativeTarget "lesson1" */;
			buildPhases = (
				3F15B14F181940FA008EF1F3 /* Sources */,
				3F15B150181940FA008EF1F3 /* Frameworks */,
				3F15B151181940FA008EF1F3 /* Resources */,
			);
			buildRules = (
			);
			dependencies = (
			);
			name = lesson1;
			productName = lesson1;
			productReference = 3F15B153181940FA008EF1F3 /* lesson1.app */;
			productType = "com.apple.product-type.application";
		};
		3F15B16D181940FA008EF1F3 /* lesson1Tests */ = {
			isa = PBXNativeTarget;
			buildConfigurationList = 3F15B182181940FA008EF1F3 /* Build configuration list for PBXNativeTarget "lesson1Tests" */;
			buildPhases = (
				3F15B16A181940FA008EF1F3 /* Sources */,
				3F15B16B181940FA008EF1F3 /* Frameworks */,
				3F15B16C181940FA008EF1F3 /* Resources */,
			);
			buildRules = (
			);
			dependencies = (
				3F15B174181940FA008EF1F3 /* PBXTargetDependency */,
			);
			name = lesson1Tests;
			productName = lesson1Tests;
			productReference = 3F15B16E181940FA008EF1F3 /* lesson1Tests.xctest */;
			productType = "com.apple.product-type.bundle.unit-test";
		};
/* End PBXNativeTarget section */

/* Begin PBXProject section */
		3F15B14B181940FA008EF1F3 /* Project object */ = {
			isa = PBXProject;
			attributes = {
				LastUpgradeCheck = 0500;
				ORGANIZATIONNAME = "Иван Мараховка";
				TargetAttributes = {
					3F15B16D181940FA008EF1F3 = {
						TestTargetID = 3F15B152181940FA008EF1F3;
					};
				};
			};
			buildConfigurationList = 3F15B14E181940FA008EF1F3 /* Build configuration list for PBXProject "lesson1" */;
			compatibilityVersion = "Xcode 3.2";
			developmentRegion = English;
			hasScannedForEncodings = 0;
			knownRegions = (
				en,
			);
			mainGroup = 3F15B14A181940FA008EF1F3;
			productRefGroup = 3F15B154181940FA008EF1F3 /* Products */;
			projectDirPath = "";
			projectRoot = "";
			targets = (
				3F15B152181940FA008EF1F3 /* lesson1 */,
				3F15B16D181940FA008EF1F3 /* lesson1Tests */,
			);
		};
/* End PBXProject section */

/* Begin PBXResourcesBuildPhase section */
		3F15B151181940FA008EF1F3 /* Resources */ = {
			isa = PBXResourcesBuildPhase;
			buildActionMask = 2147483647;
			files = (
				3F15B161181940FA008EF1F3 /* InfoPlist.strings in Resources */,
				3F15B169181940FA008EF1F3 /* Images.xcassets in Resources */,
			);
			runOnlyForDeploymentPostprocessing = 0;
		};
		3F15B16C181940FA008EF1F3 /* Resources */ = {
			isa = PBXResourcesBuildPhase;
			buildActionMask = 2147483647;
			files = (
				3F15B17A181940FA008EF1F3 /* InfoPlist.strings in Resources */,
			);
			runOnlyForDeploymentPostprocessing = 0;
		};
/* End PBXResourcesBuildPhase section */

/* Begin PBXSourcesBuildPhase section */
		3F15B14F181940FA008EF1F3 /* Sources */ = {
			isa = PBXSourcesBuildPhase;
			buildActionMask = 2147483647;
			files = (
				3F15B167181940FA008EF1F3 /* AppDelegate.m in Sources */,
				3F15B163181940FA008EF1F3 /* main.m in Sources */,
			);
			runOnlyForDeploymentPostprocessing = 0;
		};
		3F15B16A181940FA008EF1F3 /* Sources */ = {
			isa = PBXSourcesBuildPhase;
			buildActionMask = 2147483647;
			files = (
				3F15B17C181940FA008EF1F3 /* lesson1Tests.m in Sources */,
			);
			runOnlyForDeploymentPostprocessing = 0;
		};
/* End PBXSourcesBuildPhase section */

/* Begin PBXTargetDependency section */
		3F15B174181940FA008EF1F3 /* PBXTargetDependency */ = {
			isa = PBXTargetDependency;
			target = 3F15B152181940FA008EF1F3 /* lesson1 */;
			targetProxy = 3F15B173181940FA008EF1F3 /* PBXContainerItemProxy */;
		};
/* End PBXTargetDependency section */

/* Begin PBXVariantGroup section */
		3F15B15F181940FA008EF1F3 /* InfoPlist.strings */ = {
			isa = PBXVariantGroup;
			children = (
				3F15B160181940FA008EF1F3 /* en */,
			);
			name = InfoPlist.strings;
			sourceTree = "<group>";
		};
		3F15B178181940FA008EF1F3 /* InfoPlist.strings */ = {
			isa = PBXVariantGroup;
			children = (
				3F15B179181940FA008EF1F3 /* en */,
			);
			name = InfoPlist.strings;
			sourceTree = "<group>";
		};
/* End PBXVariantGroup section */

/* Begin XCBuildConfiguration section */
		3F15B17D181940FA008EF1F3 /* Debug */ = {
			isa = XCBuildConfiguration;
			buildSettings = {
				ALWAYS_SEARCH_USER_PATHS = NO;
				ARCHS = "$(ARCHS_STANDARD_INCLUDING_64_BIT)";
				CLANG_CXX_LANGUAGE_STANDARD = "gnu++0x";
				CLANG_CXX_LIBRARY = "libc++";
				CLANG_ENABLE_MODULES = YES;
				CLANG_ENABLE_OBJC_ARC = YES;
				CLANG_WARN_BOOL_CONVERSION = YES;
				CLANG_WARN_CONSTANT_CONVERSION = YES;
				CLANG_WARN_DIRECT_OBJC_ISA_USAGE = YES_ERROR;
				CLANG_WARN_EMPTY_BODY = YES;
				CLANG_WARN_ENUM_CONVERSION = YES;
				CLANG_WARN_INT_CONVERSION = YES;
				CLANG_WARN_OBJC_ROOT_CLASS = YES_ERROR;
				CLANG_WARN__DUPLICATE_METHOD_MATCH = YES;
				"CODE_SIGN_IDENTITY[sdk=iphoneos*]" = "iPhone Developer";
				COPY_PHASE_STRIP = NO;
				GCC_C_LANGUAGE_STANDARD = gnu99;
				GCC_DYNAMIC_NO_PIC = NO;
				GCC_OPTIMIZATION_LEVEL = 0;
				GCC_PREPROCESSOR_DEFINITIONS = (
					"DEBUG=1",
					"$(inherited)",
				);
				GCC_SYMBOLS_PRIVATE_EXTERN = NO;
				GCC_WARN_64_TO_32_BIT_CONVERSION = YES;
				GCC_WARN_ABOUT_RETURN_TYPE = YES_ERROR;
				GCC_WARN_UNDECLARED_SELECTOR = YES;
				GCC_WARN_UNINITIALIZED_AUTOS = YES;
				GCC_WARN_UNUSED_FUNCTION = YES;
				GCC_WARN_UNUSED_VARIABLE = YES;
				IPHONEOS_DEPLOYMENT_TARGET = 7.0;
				ONLY_ACTIVE_ARCH = YES;
				SDKROOT = iphoneos;
			};
			name = Debug;
		};
		3F15B17E181940FA008EF1F3 /* Release */ = {
			isa = XCBuildConfiguration;
			buildSettings = {
				ALWAYS_SEARCH_USER_PATHS = NO;
				ARCHS = "$(ARCHS_STANDARD_INCLUDING_64_BIT)";
				CLANG_CXX_LANGUAGE_STANDARD = "gnu++0x";
				CLANG_CXX_LIBRARY = "libc++";
				CLANG_ENABLE_MODULES = YES;
				CLANG_ENABLE_OBJC_ARC = YES;
				CLANG_WARN_BOOL_CONVERSION = YES;
				CLANG_WARN_CONSTANT_CONVERSION = YES;
				CLANG_WARN_DIRECT_OBJC_ISA_USAGE = YES_ERROR;
				CLANG_WARN_EMPTY_BODY = YES;
				CLANG_WARN_ENUM_CONVERSION = YES;
				CLANG_WARN_INT_CONVERSION = YES;
				CLANG_WARN_OBJC_ROOT_CLASS = YES_ERROR;
				CLANG_WARN__DUPLICATE_METHOD_MATCH = YES;
				"CODE_SIGN_IDENTITY[sdk=iphoneos*]" = "iPhone Developer";
				COPY_PHASE_STRIP = YES;
				ENABLE_NS_ASSERTIONS = NO;
				GCC_C_LANGUAGE_STANDARD = gnu99;
				GCC_WARN_64_TO_32_BIT_CONVERSION = YES;
				GCC_WARN_ABOUT_RETURN_TYPE = YES_ERROR;
				GCC_WARN_UNDECLARED_SELECTOR = YES;
				GCC_WARN_UNINITIALIZED_AUTOS = YES;
				GCC_WARN_UNUSED_FUNCTION = YES;
				GCC_WARN_UNUSED_VARIABLE = YES;
				IPHONEOS_DEPLOYMENT_TARGET = 7.0;
				SDKROOT = iphoneos;
				VALIDATE_PRODUCT = YES;
			};
			name = Release;
		};
		3F15B180181940FA008EF1F3 /* Debug */ = {
			isa = XCBuildConfiguration;
			buildSettings = {
				ASSETCATALOG_COMPILER_APPICON_NAME = AppIcon;
				ASSETCATALOG_COMPILER_LAUNCHIMAGE_NAME = LaunchImage;
				GCC_PRECOMPILE_PREFIX_HEADER = YES;
				GCC_PREFIX_HEADER = "lesson1/lesson1-Prefix.pch";
				INFOPLIST_FILE = "lesson1/lesson1-Info.plist";
				PRODUCT_NAME = "$(TARGET_NAME)";
				WRAPPER_EXTENSION = app;
			};
			name = Debug;
		};
		3F15B181181940FA008EF1F3 /* Release */ = {
			isa = XCBuildConfiguration;
			buildSettings = {
				ASSETCATALOG_COMPILER_APPICON_NAME = AppIcon;
				ASSETCATALOG_COMPILER_LAUNCHIMAGE_NAME = LaunchImage;
				GCC_PRECOMPILE_PREFIX_HEADER = YES;
				GCC_PREFIX_HEADER = "lesson1/lesson1-Prefix.pch";
				INFOPLIST_FILE = "lesson1/lesson1-Info.plist";
				PRODUCT_NAME = "$(TARGET_NAME)";
				WRAPPER_EXTENSION = app;
			};
			name = Release;
		};
		3F15B183181940FA008EF1F3 /* Debug */ = {
			isa = XCBuildConfiguration;
			buildSettings = {
				ARCHS = "$(ARCHS_STANDARD_INCLUDING_64_BIT)";
				BUNDLE_LOADER = "$(BUILT_PRODUCTS_DIR)/lesson1.app/lesson1";
				FRAMEWORK_SEARCH_PATHS = (
					"$(SDKROOT)/Developer/Library/Frameworks",
					"$(inherited)",
					"$(DEVELOPER_FRAMEWORKS_DIR)",
				);
				GCC_PRECOMPILE_PREFIX_HEADER = YES;
				GCC_PREFIX_HEADER = "lesson1/lesson1-Prefix.pch";
				GCC_PREPROCESSOR_DEFINITIONS = (
					"DEBUG=1",
					"$(inherited)",
				);
				INFOPLIST_FILE = "lesson1Tests/lesson1Tests-Info.plist";
				PRODUCT_NAME = "$(TARGET_NAME)";
				TEST_HOST = "$(BUNDLE_LOADER)";
				WRAPPER_EXTENSION = xctest;
			};
			name = Debug;
		};
		3F15B184181940FA008EF1F3 /* Release */ = {
			isa = XCBuildConfiguration;
			buildSettings = {
				ARCHS = "$(ARCHS_STANDARD_INCLUDING_64_BIT)";
				BUNDLE_LOADER = "$(BUILT_PRODUCTS_DIR)/lesson1.app/lesson1";
				FRAMEWORK_SEARCH_PATHS = (
					"$(SDKROOT)/Developer/Library/Frameworks",
					"$(inherited)",
					"$(DEVELOPER_FRAMEWORKS_DIR)",
				);
				GCC_PRECOMPILE_PREFIX_HEADER = YES;
				GCC_PREFIX_HEADER = "lesson1/lesson1-Prefix.pch";
				INFOPLIST_FILE = "lesson1Tests/lesson1Tests-Info.plist";
				PRODUCT_NAME = "$(TARGET_NAME)";
				TEST_HOST = "$(BUNDLE_LOADER)";
				WRAPPER_EXTENSION = xctest;
			};
			name = Release;
		};
/* End XCBuildConfiguration section */

/* Begin XCConfigurationList section */
		3F15B14E181940FA008EF1F3 /* Build configuration list for PBXProject "lesson1" */ = {
			isa = XCConfigurationList;
			buildConfigurations = (
				3F15B17D181940FA008EF1F3 /* Debug */,
				3F15B17E181940FA008EF1F3 /* Release */,
			);
			defaultConfigurationIsVisible = 0;
			defaultConfigurationName = Release;
		};
		3F15B17F181940FA008EF1F3 /* Build configuration list for PBXNativeTarget "lesson1" */ = {
			isa = XCConfigurationList;
			buildConfigurations = (
				3F15B180181940FA008EF1F3 /* Debug */,
				3F15B181181940FA008EF1F3 /* Release */,
			);
			defaultConfigurationIsVisible = 0;
		};
		3F15B182181940FA008EF1F3 /* Build configuration list for PBXNativeTarget "lesson1Tests" */ = {
			isa = XCConfigurationList;
			buildConfigurations = (
				3F15B183181940FA008EF1F3 /* Debug */,
				3F15B184181940FA008EF1F3 /* Release */,
			);
			defaultConfigurationIsVisible = 0;
		};
/* End XCConfigurationList section */
	};
	rootObject = 3F15B14B181940FA008EF1F3 /* Project object */;
}
